
Microsoft Visual Studio Solution File, Format Version 12.00
# Visual Studio 2015
Project("{FAE04EC0-301F-11D3-BF4B-00C04F79EFBC}") = "TheLongRoadToTheStars.CSharp.Plugins", "TheLongRoadToTheStars.CSharp.Plugins.csproj", "{B98C83E1-34EE-5F0B-7AA3-91414FDB3D4D}"
EndProject
Project("{FAE04EC0-301F-11D3-BF4B-00C04F79EFBC}") = "TheLongRoadToTheStars.CSharp", "TheLongRoadToTheStars.CSharp.csproj", "{82F6A3F9-BE48-06BC-AB10-A1DEE9CB33C2}"
EndProject
Project("{FAE04EC0-301F-11D3-BF4B-00C04F79EFBC}") = "TheLongRoadToTheStars.CSharp.Editor", "TheLongRoadToTheStars.CSharp.Editor.csproj", "{E54C5264-8CC0-AED8-6EB4-F04546BC68DF}"
EndProject
Global
	GlobalSection(SolutionConfigurationPlatforms) = preSolution
		Debug|Any CPU = Debug|Any CPU
		Release|Any CPU = Release|Any CPU
	EndGlobalSection
	GlobalSection(ProjectConfigurationPlatforms) = postSolution
		{B98C83E1-34EE-5F0B-7AA3-91414FDB3D4D}.Debug|Any CPU.ActiveCfg = Debug|Any CPU
		{B98C83E1-34EE-5F0B-7AA3-91414FDB3D4D}.Debug|Any CPU.Build.0 = Debug|Any CPU
		{B98C83E1-34EE-5F0B-7AA3-91414FDB3D4D}.Release|Any CPU.ActiveCfg = Release|Any CPU
		{B98C83E1-34EE-5F0B-7AA3-91414FDB3D4D}.Release|Any CPU.Build.0 = Release|Any CPU
		{82F6A3F9-BE48-06BC-AB10-A1DEE9CB33C2}.Debug|Any CPU.ActiveCfg = Debug|Any CPU
		{82F6A3F9-BE48-06BC-AB10-A1DEE9CB33C2}.Debug|Any CPU.Build.0 = Debug|Any CPU
		{82F6A3F9-BE48-06BC-AB10-A1DEE9CB33C2}.Release|Any CPU.ActiveCfg = Release|Any CPU
		{82F6A3F9-BE48-06BC-AB10-A1DEE9CB33C2}.Release|Any CPU.Build.0 = Release|Any CPU
		{E54C5264-8CC0-AED8-6EB4-F04546BC68DF}.Debug|Any CPU.ActiveCfg = Debug|Any CPU
		{E54C5264-8CC0-AED8-6EB4-F04546BC68DF}.Debug|Any CPU.Build.0 = Debug|Any CPU
		{E54C5264-8CC0-AED8-6EB4-F04546BC68DF}.Release|Any CPU.ActiveCfg = Release|Any CPU
		{E54C5264-8CC0-AED8-6EB4-F04546BC68DF}.Release|Any CPU.Build.0 = Release|Any CPU
	EndGlobalSection
	GlobalSection(SolutionProperties) = preSolution
		HideSolutionNode = FALSE
	EndGlobalSection
EndGlobal
